// !$*UTF8*$!
{
	archiveVersion = 1;
	classes = {
	};
	objectVersion = 48;
	objects = {

/* Begin PBXBuildFile section */
		790AA387917C729E6A64A3EA /* Pods_DatePicker.framework in Frameworks */ = {isa = PBXBuildFile; fileRef = F1718CDF800DD12616586B0C /* Pods_DatePicker.framework */; };
		926684992085217E00383E72 /* FinalSelectionTableViewCell.swift in Sources */ = {isa = PBXBuildFile; fileRef = 926684982085217E00383E72 /* FinalSelectionTableViewCell.swift */; };
		BB1D4884207EAD6700E9498B /* AppDelegate.swift in Sources */ = {isa = PBXBuildFile; fileRef = BB1D4883207EAD6700E9498B /* AppDelegate.swift */; };
		BB1D4886207EAD6700E9498B /* ViewController.swift in Sources */ = {isa = PBXBuildFile; fileRef = BB1D4885207EAD6700E9498B /* ViewController.swift */; };
		BB1D4889207EAD6700E9498B /* Main.storyboard in Resources */ = {isa = PBXBuildFile; fileRef = BB1D4887207EAD6700E9498B /* Main.storyboard */; };
		BB1D488B207EAD6700E9498B /* Assets.xcassets in Resources */ = {isa = PBXBuildFile; fileRef = BB1D488A207EAD6700E9498B /* Assets.xcassets */; };
		BB1D488E207EAD6700E9498B /* LaunchScreen.storyboard in Resources */ = {isa = PBXBuildFile; fileRef = BB1D488C207EAD6700E9498B /* LaunchScreen.storyboard */; };
		BB29D1A1208E57E4005E214B /* DateDetailsTableViewController.swift in Sources */ = {isa = PBXBuildFile; fileRef = BB29D1A0208E57E4005E214B /* DateDetailsTableViewController.swift */; };
		BB46C844208AB5230041C85D /* URL+Helpers.swift in Sources */ = {isa = PBXBuildFile; fileRef = BB46C843208AB5230041C85D /* URL+Helpers.swift */; };
		BB46C846208AB58D0041C85D /* YelpAPIController.swift in Sources */ = {isa = PBXBuildFile; fileRef = BB46C845208AB58D0041C85D /* YelpAPIController.swift */; };
		BB46C848208C387B0041C85D /* YelpBusiness.swift in Sources */ = {isa = PBXBuildFile; fileRef = BB46C847208C387B0041C85D /* YelpBusiness.swift */; };
		BB46C84A208C4C450041C85D /* SuggestedDate.swift in Sources */ = {isa = PBXBuildFile; fileRef = BB46C849208C4C450041C85D /* SuggestedDate.swift */; };
		BBAE6CEE20869DD20053E1DE /* MainScreenViewController.swift in Sources */ = {isa = PBXBuildFile; fileRef = BBAE6CED20869DD20053E1DE /* MainScreenViewController.swift */; };
		BBAE6CF02086B0530053E1DE /* ChooseCategoryViewController.swift in Sources */ = {isa = PBXBuildFile; fileRef = BBAE6CEF2086B0530053E1DE /* ChooseCategoryViewController.swift */; };
		BBAE6CF22087190F0053E1DE /* APICallViewController.swift in Sources */ = {isa = PBXBuildFile; fileRef = BBAE6CF12087190F0053E1DE /* APICallViewController.swift */; };
		BBAE6CF42087193A0053E1DE /* myDate.swift in Sources */ = {isa = PBXBuildFile; fileRef = BBAE6CF32087193A0053E1DE /* myDate.swift */; };
		BBAE6CF6208719A20053E1DE /* DateItem.swift in Sources */ = {isa = PBXBuildFile; fileRef = BBAE6CF5208719A10053E1DE /* DateItem.swift */; };
		BBAE6CFA20871D590053E1DE /* SetDetailsViewController.swift in Sources */ = {isa = PBXBuildFile; fileRef = BBAE6CF920871D590053E1DE /* SetDetailsViewController.swift */; };
		BBAE6CFC20871E850053E1DE /* OptionsTableViewController.swift in Sources */ = {isa = PBXBuildFile; fileRef = BBAE6CFB20871E850053E1DE /* OptionsTableViewController.swift */; };
/* End PBXBuildFile section */

/* Begin PBXFileReference section */
		41A268ED046964EE313DBD54 /* Pods-DatePicker.debug.xcconfig */ = {isa = PBXFileReference; includeInIndex = 1; lastKnownFileType = text.xcconfig; name = "Pods-DatePicker.debug.xcconfig"; path = "Pods/Target Support Files/Pods-DatePicker/Pods-DatePicker.debug.xcconfig"; sourceTree = "<group>"; };
		926684982085217E00383E72 /* FinalSelectionTableViewCell.swift */ = {isa = PBXFileReference; lastKnownFileType = sourcecode.swift; path = FinalSelectionTableViewCell.swift; sourceTree = "<group>"; };
		BB1D4880207EAD6700E9498B /* DatePicker.app */ = {isa = PBXFileReference; explicitFileType = wrapper.application; includeInIndex = 0; path = DatePicker.app; sourceTree = BUILT_PRODUCTS_DIR; };
		BB1D4883207EAD6700E9498B /* AppDelegate.swift */ = {isa = PBXFileReference; lastKnownFileType = sourcecode.swift; path = AppDelegate.swift; sourceTree = "<group>"; };
		BB1D4885207EAD6700E9498B /* ViewController.swift */ = {isa = PBXFileReference; lastKnownFileType = sourcecode.swift; path = ViewController.swift; sourceTree = "<group>"; };
		BB1D4888207EAD6700E9498B /* Base */ = {isa = PBXFileReference; lastKnownFileType = file.storyboard; name = Base; path = Base.lproj/Main.storyboard; sourceTree = "<group>"; };
		BB1D488A207EAD6700E9498B /* Assets.xcassets */ = {isa = PBXFileReference; lastKnownFileType = folder.assetcatalog; path = Assets.xcassets; sourceTree = "<group>"; };
		BB1D488D207EAD6700E9498B /* Base */ = {isa = PBXFileReference; lastKnownFileType = file.storyboard; name = Base; path = Base.lproj/LaunchScreen.storyboard; sourceTree = "<group>"; };
		BB1D488F207EAD6700E9498B /* Info.plist */ = {isa = PBXFileReference; lastKnownFileType = text.plist.xml; path = Info.plist; sourceTree = "<group>"; };
		BB29D1A0208E57E4005E214B /* DateDetailsTableViewController.swift */ = {isa = PBXFileReference; lastKnownFileType = sourcecode.swift; path = DateDetailsTableViewController.swift; sourceTree = "<group>"; };
		BB46C843208AB5230041C85D /* URL+Helpers.swift */ = {isa = PBXFileReference; lastKnownFileType = sourcecode.swift; path = "URL+Helpers.swift"; sourceTree = "<group>"; };
		BB46C845208AB58D0041C85D /* YelpAPIController.swift */ = {isa = PBXFileReference; lastKnownFileType = sourcecode.swift; path = YelpAPIController.swift; sourceTree = "<group>"; };
		BB46C847208C387B0041C85D /* YelpBusiness.swift */ = {isa = PBXFileReference; lastKnownFileType = sourcecode.swift; path = YelpBusiness.swift; sourceTree = "<group>"; };
		BB46C849208C4C450041C85D /* SuggestedDate.swift */ = {isa = PBXFileReference; lastKnownFileType = sourcecode.swift; path = SuggestedDate.swift; sourceTree = "<group>"; };
		BBAE6CED20869DD20053E1DE /* MainScreenViewController.swift */ = {isa = PBXFileReference; lastKnownFileType = sourcecode.swift; path = MainScreenViewController.swift; sourceTree = "<group>"; };
		BBAE6CEF2086B0530053E1DE /* ChooseCategoryViewController.swift */ = {isa = PBXFileReference; lastKnownFileType = sourcecode.swift; path = ChooseCategoryViewController.swift; sourceTree = "<group>"; };
		BBAE6CF12087190F0053E1DE /* APICallViewController.swift */ = {isa = PBXFileReference; lastKnownFileType = sourcecode.swift; path = APICallViewController.swift; sourceTree = "<group>"; };
		BBAE6CF32087193A0053E1DE /* myDate.swift */ = {isa = PBXFileReference; lastKnownFileType = sourcecode.swift; path = myDate.swift; sourceTree = "<group>"; };
		BBAE6CF5208719A10053E1DE /* DateItem.swift */ = {isa = PBXFileReference; lastKnownFileType = sourcecode.swift; path = DateItem.swift; sourceTree = "<group>"; };
		BBAE6CF920871D590053E1DE /* SetDetailsViewController.swift */ = {isa = PBXFileReference; lastKnownFileType = sourcecode.swift; path = SetDetailsViewController.swift; sourceTree = "<group>"; };
		BBAE6CFB20871E850053E1DE /* OptionsTableViewController.swift */ = {isa = PBXFileReference; lastKnownFileType = sourcecode.swift; path = OptionsTableViewController.swift; sourceTree = "<group>"; };
		E8A8E75F4224B774D95C9366 /* Pods-DatePicker.release.xcconfig */ = {isa = PBXFileReference; includeInIndex = 1; lastKnownFileType = text.xcconfig; name = "Pods-DatePicker.release.xcconfig"; path = "Pods/Target Support Files/Pods-DatePicker/Pods-DatePicker.release.xcconfig"; sourceTree = "<group>"; };
		F1718CDF800DD12616586B0C /* Pods_DatePicker.framework */ = {isa = PBXFileReference; explicitFileType = wrapper.framework; includeInIndex = 0; path = Pods_DatePicker.framework; sourceTree = BUILT_PRODUCTS_DIR; };
/* End PBXFileReference section */

/* Begin PBXFrameworksBuildPhase section */
		BB1D487D207EAD6700E9498B /* Frameworks */ = {
			isa = PBXFrameworksBuildPhase;
			buildActionMask = 2147483647;
			files = (
				790AA387917C729E6A64A3EA /* Pods_DatePicker.framework in Frameworks */,
			);
			runOnlyForDeploymentPostprocessing = 0;
		};
/* End PBXFrameworksBuildPhase section */

/* Begin PBXGroup section */
		690B20980777EADF036E567E /* Frameworks */ = {
			isa = PBXGroup;
			children = (
				F1718CDF800DD12616586B0C /* Pods_DatePicker.framework */,
			);
			name = Frameworks;
			sourceTree = "<group>";
		};
		BB1D4877207EAD6700E9498B = {
			isa = PBXGroup;
			children = (
				BB1D4882207EAD6700E9498B /* DatePicker */,
				BB1D4881207EAD6700E9498B /* Products */,
				ED1BC0F4225AD32A45395109 /* Pods */,
				690B20980777EADF036E567E /* Frameworks */,
			);
			sourceTree = "<group>";
		};
		BB1D4881207EAD6700E9498B /* Products */ = {
			isa = PBXGroup;
			children = (
				BB1D4880207EAD6700E9498B /* DatePicker.app */,
			);
			name = Products;
			sourceTree = "<group>";
		};
		BB1D4882207EAD6700E9498B /* DatePicker */ = {
			isa = PBXGroup;
			children = (
				BB1D4883207EAD6700E9498B /* AppDelegate.swift */,
				BB1D4885207EAD6700E9498B /* ViewController.swift */,
				BB46C845208AB58D0041C85D /* YelpAPIController.swift */,
				BB46C843208AB5230041C85D /* URL+Helpers.swift */,
				BB1D4887207EAD6700E9498B /* Main.storyboard */,
				BBAE6CF720871CA90053E1DE /* Model */,
				BBAE6CF820871CC50053E1DE /* Controller */,
				BB1D488A207EAD6700E9498B /* Assets.xcassets */,
				926684982085217E00383E72 /* FinalSelectionTableViewCell.swift */,
				BB1D488C207EAD6700E9498B /* LaunchScreen.storyboard */,
				BB1D488F207EAD6700E9498B /* Info.plist */,
			);
			path = DatePicker;
			sourceTree = "<group>";
		};
		BBAE6CF720871CA90053E1DE /* Model */ = {
			isa = PBXGroup;
			children = (
				BBAE6CF32087193A0053E1DE /* myDate.swift */,
				BBAE6CF5208719A10053E1DE /* DateItem.swift */,
				BB46C847208C387B0041C85D /* YelpBusiness.swift */,
				BB46C849208C4C450041C85D /* SuggestedDate.swift */,
			);
			path = Model;
			sourceTree = "<group>";
		};
		BBAE6CF820871CC50053E1DE /* Controller */ = {
			isa = PBXGroup;
			children = (
				BBAE6CED20869DD20053E1DE /* MainScreenViewController.swift */,
				BBAE6CEF2086B0530053E1DE /* ChooseCategoryViewController.swift */,
				BBAE6CF920871D590053E1DE /* SetDetailsViewController.swift */,
				BBAE6CF12087190F0053E1DE /* APICallViewController.swift */,
				BBAE6CFB20871E850053E1DE /* OptionsTableViewController.swift */,
				BB29D1A0208E57E4005E214B /* DateDetailsTableViewController.swift */,
			);
			path = Controller;
			sourceTree = "<group>";
		};
		ED1BC0F4225AD32A45395109 /* Pods */ = {
			isa = PBXGroup;
			children = (
				41A268ED046964EE313DBD54 /* Pods-DatePicker.debug.xcconfig */,
				E8A8E75F4224B774D95C9366 /* Pods-DatePicker.release.xcconfig */,
			);
			name = Pods;
			sourceTree = "<group>";
		};
/* End PBXGroup section */

/* Begin PBXNativeTarget section */
		BB1D487F207EAD6700E9498B /* DatePicker */ = {
			isa = PBXNativeTarget;
			buildConfigurationList = BB1D4892207EAD6700E9498B /* Build configuration list for PBXNativeTarget "DatePicker" */;
			buildPhases = (
				397927FBDF0B7E4A634C8941 /* [CP] Check Pods Manifest.lock */,
				BB1D487C207EAD6700E9498B /* Sources */,
				BB1D487D207EAD6700E9498B /* Frameworks */,
				BB1D487E207EAD6700E9498B /* Resources */,
				297DD76627916AE6FA77258A /* [CP] Embed Pods Frameworks */,
				70D61FF0E01D9CC35087D84F /* [CP] Copy Pods Resources */,
			);
			buildRules = (
			);
			dependencies = (
			);
			name = DatePicker;
			productName = DatePicker;
			productReference = BB1D4880207EAD6700E9498B /* DatePicker.app */;
			productType = "com.apple.product-type.application";
		};
/* End PBXNativeTarget section */

/* Begin PBXProject section */
		BB1D4878207EAD6700E9498B /* Project object */ = {
			isa = PBXProject;
			attributes = {
				LastSwiftUpdateCheck = 0920;
				LastUpgradeCheck = 0920;
				ORGANIZATIONNAME = "Alexandra Leonidova";
				TargetAttributes = {
					BB1D487F207EAD6700E9498B = {
						CreatedOnToolsVersion = 9.2;
						ProvisioningStyle = Automatic;
					};
				};
			};
			buildConfigurationList = BB1D487B207EAD6700E9498B /* Build configuration list for PBXProject "DatePicker" */;
			compatibilityVersion = "Xcode 8.0";
			developmentRegion = en;
			hasScannedForEncodings = 0;
			knownRegions = (
				en,
				Base,
			);
			mainGroup = BB1D4877207EAD6700E9498B;
			productRefGroup = BB1D4881207EAD6700E9498B /* Products */;
			projectDirPath = "";
			projectRoot = "";
			targets = (
				BB1D487F207EAD6700E9498B /* DatePicker */,
			);
		};
/* End PBXProject section */

/* Begin PBXResourcesBuildPhase section */
		BB1D487E207EAD6700E9498B /* Resources */ = {
			isa = PBXResourcesBuildPhase;
			buildActionMask = 2147483647;
			files = (
				BB1D488E207EAD6700E9498B /* LaunchScreen.storyboard in Resources */,
				BB1D488B207EAD6700E9498B /* Assets.xcassets in Resources */,
				BB1D4889207EAD6700E9498B /* Main.storyboard in Resources */,
			);
			runOnlyForDeploymentPostprocessing = 0;
		};
/* End PBXResourcesBuildPhase section */

/* Begin PBXShellScriptBuildPhase section */
		297DD76627916AE6FA77258A /* [CP] Embed Pods Frameworks */ = {
			isa = PBXShellScriptBuildPhase;
			buildActionMask = 2147483647;
			files = (
			);
			inputPaths = (
				"${SRCROOT}/Pods/Target Support Files/Pods-DatePicker/Pods-DatePicker-frameworks.sh",
				"${BUILT_PRODUCTS_DIR}/ChameleonFramework/ChameleonFramework.framework",
				"${BUILT_PRODUCTS_DIR}/SwiftSpinner/SwiftSpinner.framework",
			);
			name = "[CP] Embed Pods Frameworks";
			outputPaths = (
				"${TARGET_BUILD_DIR}/${FRAMEWORKS_FOLDER_PATH}/ChameleonFramework.framework",
				"${TARGET_BUILD_DIR}/${FRAMEWORKS_FOLDER_PATH}/SwiftSpinner.framework",
			);
			runOnlyForDeploymentPostprocessing = 0;
			shellPath = /bin/sh;
			shellScript = "\"${SRCROOT}/Pods/Target Support Files/Pods-DatePicker/Pods-DatePicker-frameworks.sh\"\n";
			showEnvVarsInLog = 0;
		};
		397927FBDF0B7E4A634C8941 /* [CP] Check Pods Manifest.lock */ = {
			isa = PBXShellScriptBuildPhase;
			buildActionMask = 2147483647;
			files = (
			);
			inputPaths = (
				"${PODS_PODFILE_DIR_PATH}/Podfile.lock",
				"${PODS_ROOT}/Manifest.lock",
			);
			name = "[CP] Check Pods Manifest.lock";
			outputPaths = (
				"$(DERIVED_FILE_DIR)/Pods-DatePicker-checkManifestLockResult.txt",
			);
			runOnlyForDeploymentPostprocessing = 0;
			shellPath = /bin/sh;
			shellScript = "diff \"${PODS_PODFILE_DIR_PATH}/Podfile.lock\" \"${PODS_ROOT}/Manifest.lock\" > /dev/null\nif [ $? != 0 ] ; then\n    # print error to STDERR\n    echo \"error: The sandbox is not in sync with the Podfile.lock. Run 'pod install' or update your CocoaPods installation.\" >&2\n    exit 1\nfi\n# This output is used by Xcode 'outputs' to avoid re-running this script phase.\necho \"SUCCESS\" > \"${SCRIPT_OUTPUT_FILE_0}\"\n";
			showEnvVarsInLog = 0;
		};
		70D61FF0E01D9CC35087D84F /* [CP] Copy Pods Resources */ = {
			isa = PBXShellScriptBuildPhase;
			buildActionMask = 2147483647;
			files = (
			);
			inputPaths = (
			);
			name = "[CP] Copy Pods Resources";
			outputPaths = (
			);
			runOnlyForDeploymentPostprocessing = 0;
			shellPath = /bin/sh;
			shellScript = "\"${SRCROOT}/Pods/Target Support Files/Pods-DatePicker/Pods-DatePicker-resources.sh\"\n";
			showEnvVarsInLog = 0;
		};
/* End PBXShellScriptBuildPhase section */

/* Begin PBXSourcesBuildPhase section */
		BB1D487C207EAD6700E9498B /* Sources */ = {
			isa = PBXSourcesBuildPhase;
			buildActionMask = 2147483647;
			files = (
				BBAE6CFC20871E850053E1DE /* OptionsTableViewController.swift in Sources */,
				BB1D4886207EAD6700E9498B /* ViewController.swift in Sources */,
				BBAE6CF22087190F0053E1DE /* APICallViewController.swift in Sources */,
				BB29D1A1208E57E4005E214B /* DateDetailsTableViewController.swift in Sources */,
				BBAE6CF42087193A0053E1DE /* myDate.swift in Sources */,
				BBAE6CEE20869DD20053E1DE /* MainScreenViewController.swift in Sources */,
				BB46C84A208C4C450041C85D /* SuggestedDate.swift in Sources */,
				BBAE6CFA20871D590053E1DE /* SetDetailsViewController.swift in Sources */,
				BB46C848208C387B0041C85D /* YelpBusiness.swift in Sources */,
				BB46C846208AB58D0041C85D /* YelpAPIController.swift in Sources */,
				BBAE6CF02086B0530053E1DE /* ChooseCategoryViewController.swift in Sources */,
				BB1D4884207EAD6700E9498B /* AppDelegate.swift in Sources */,
				BB46C844208AB5230041C85D /* URL+Helpers.swift in Sources */,
				BBAE6CF6208719A20053E1DE /* DateItem.swift in Sources */,
				926684992085217E00383E72 /* FinalSelectionTableViewCell.swift in Sources */,
			);
			runOnlyForDeploymentPostprocessing = 0;
		};
/* End PBXSourcesBuildPhase section */

/* Begin PBXVariantGroup section */
		BB1D4887207EAD6700E9498B /* Main.storyboard */ = {
			isa = PBXVariantGroup;
			children = (
				BB1D4888207EAD6700E9498B /* Base */,
			);
			name = Main.storyboard;
			sourceTree = "<group>";
		};
		BB1D488C207EAD6700E9498B /* LaunchScreen.storyboard */ = {
			isa = PBXVariantGroup;
			children = (
				BB1D488D207EAD6700E9498B /* Base */,
			);
			name = LaunchScreen.storyboard;
			sourceTree = "<group>";
		};
/* End PBXVariantGroup section */

/* Begin XCBuildConfiguration section */
		BB1D4890207EAD6700E9498B /* Debug */ = {
			isa = XCBuildConfiguration;
			buildSettings = {
				ALWAYS_SEARCH_USER_PATHS = NO;
				CLANG_ANALYZER_NONNULL = YES;
				CLANG_ANALYZER_NUMBER_OBJECT_CONVERSION = YES_AGGRESSIVE;
				CLANG_CXX_LANGUAGE_STANDARD = "gnu++14";
				CLANG_CXX_LIBRARY = "libc++";
				CLANG_ENABLE_MODULES = YES;
				CLANG_ENABLE_OBJC_ARC = YES;
				CLANG_WARN_BLOCK_CAPTURE_AUTORELEASING = YES;
				CLANG_WARN_BOOL_CONVERSION = YES;
				CLANG_WARN_COMMA = YES;
				CLANG_WARN_CONSTANT_CONVERSION = YES;
				CLANG_WARN_DIRECT_OBJC_ISA_USAGE = YES_ERROR;
				CLANG_WARN_DOCUMENTATION_COMMENTS = YES;
				CLANG_WARN_EMPTY_BODY = YES;
				CLANG_WARN_ENUM_CONVERSION = YES;
				CLANG_WARN_INFINITE_RECURSION = YES;
				CLANG_WARN_INT_CONVERSION = YES;
				CLANG_WARN_NON_LITERAL_NULL_CONVERSION = YES;
				CLANG_WARN_OBJC_LITERAL_CONVERSION = YES;
				CLANG_WARN_OBJC_ROOT_CLASS = YES_ERROR;
				CLANG_WARN_RANGE_LOOP_ANALYSIS = YES;
				CLANG_WARN_STRICT_PROTOTYPES = YES;
				CLANG_WARN_SUSPICIOUS_MOVE = YES;
				CLANG_WARN_UNGUARDED_AVAILABILITY = YES_AGGRESSIVE;
				CLANG_WARN_UNREACHABLE_CODE = YES;
				CLANG_WARN__DUPLICATE_METHOD_MATCH = YES;
				CODE_SIGN_IDENTITY = "iPhone Developer";
				COPY_PHASE_STRIP = NO;
				DEBUG_INFORMATION_FORMAT = dwarf;
				ENABLE_STRICT_OBJC_MSGSEND = YES;
				ENABLE_TESTABILITY = YES;
				GCC_C_LANGUAGE_STANDARD = gnu11;
				GCC_DYNAMIC_NO_PIC = NO;
				GCC_NO_COMMON_BLOCKS = YES;
				GCC_OPTIMIZATION_LEVEL = 0;
				GCC_PREPROCESSOR_DEFINITIONS = (
					"DEBUG=1",
					"$(inherited)",
				);
				GCC_WARN_64_TO_32_BIT_CONVERSION = YES;
				GCC_WARN_ABOUT_RETURN_TYPE = YES_ERROR;
				GCC_WARN_UNDECLARED_SELECTOR = YES;
				GCC_WARN_UNINITIALIZED_AUTOS = YES_AGGRESSIVE;
				GCC_WARN_UNUSED_FUNCTION = YES;
				GCC_WARN_UNUSED_VARIABLE = YES;
				IPHONEOS_DEPLOYMENT_TARGET = 11.2;
				MTL_ENABLE_DEBUG_INFO = YES;
				ONLY_ACTIVE_ARCH = YES;
				SDKROOT = iphoneos;
				SWIFT_ACTIVE_COMPILATION_CONDITIONS = DEBUG;
				SWIFT_OPTIMIZATION_LEVEL = "-Onone";
			};
			name = Debug;
		};
		BB1D4891207EAD6700E9498B /* Release */ = {
			isa = XCBuildConfiguration;
			buildSettings = {
				ALWAYS_SEARCH_USER_PATHS = NO;
				CLANG_ANALYZER_NONNULL = YES;
				CLANG_ANALYZER_NUMBER_OBJECT_CONVERSION = YES_AGGRESSIVE;
				CLANG_CXX_LANGUAGE_STANDARD = "gnu++14";
				CLANG_CXX_LIBRARY = "libc++";
				CLANG_ENABLE_MODULES = YES;
				CLANG_ENABLE_OBJC_ARC = YES;
				CLANG_WARN_BLOCK_CAPTURE_AUTORELEASING = YES;
				CLANG_WARN_BOOL_CONVERSION = YES;
				CLANG_WARN_COMMA = YES;
				CLANG_WARN_CONSTANT_CONVERSION = YES;
				CLANG_WARN_DIRECT_OBJC_ISA_USAGE = YES_ERROR;
				CLANG_WARN_DOCUMENTATION_COMMENTS = YES;
				CLANG_WARN_EMPTY_BODY = YES;
				CLANG_WARN_ENUM_CONVERSION = YES;
				CLANG_WARN_INFINITE_RECURSION = YES;
				CLANG_WARN_INT_CONVERSION = YES;
				CLANG_WARN_NON_LITERAL_NULL_CONVERSION = YES;
				CLANG_WARN_OBJC_LITERAL_CONVERSION = YES;
				CLANG_WARN_OBJC_ROOT_CLASS = YES_ERROR;
				CLANG_WARN_RANGE_LOOP_ANALYSIS = YES;
				CLANG_WARN_STRICT_PROTOTYPES = YES;
				CLANG_WARN_SUSPICIOUS_MOVE = YES;
				CLANG_WARN_UNGUARDED_AVAILABILITY = YES_AGGRESSIVE;
				CLANG_WARN_UNREACHABLE_CODE = YES;
				CLANG_WARN__DUPLICATE_METHOD_MATCH = YES;
				CODE_SIGN_IDENTITY = "iPhone Developer";
				COPY_PHASE_STRIP = NO;
				DEBUG_INFORMATION_FORMAT = "dwarf-with-dsym";
				ENABLE_NS_ASSERTIONS = NO;
				ENABLE_STRICT_OBJC_MSGSEND = YES;
				GCC_C_LANGUAGE_STANDARD = gnu11;
				GCC_NO_COMMON_BLOCKS = YES;
				GCC_WARN_64_TO_32_BIT_CONVERSION = YES;
				GCC_WARN_ABOUT_RETURN_TYPE = YES_ERROR;
				GCC_WARN_UNDECLARED_SELECTOR = YES;
				GCC_WARN_UNINITIALIZED_AUTOS = YES_AGGRESSIVE;
				GCC_WARN_UNUSED_FUNCTION = YES;
				GCC_WARN_UNUSED_VARIABLE = YES;
				IPHONEOS_DEPLOYMENT_TARGET = 11.2;
				MTL_ENABLE_DEBUG_INFO = NO;
				SDKROOT = iphoneos;
				SWIFT_OPTIMIZATION_LEVEL = "-Owholemodule";
				VALIDATE_PRODUCT = YES;
			};
			name = Release;
		};
		BB1D4893207EAD6700E9498B /* Debug */ = {
			isa = XCBuildConfiguration;
			baseConfigurationReference = 41A268ED046964EE313DBD54 /* Pods-DatePicker.debug.xcconfig */;
			buildSettings = {
				ASSETCATALOG_COMPILER_APPICON_NAME = AppIcon;
				CODE_SIGN_STYLE = Automatic;
				DEVELOPMENT_TEAM = SH2HV3NZE5;
				INFOPLIST_FILE = DatePicker/Info.plist;
				LD_RUNPATH_SEARCH_PATHS = "$(inherited) @executable_path/Frameworks";
				PRODUCT_BUNDLE_IDENTIFIER = com.example.DatePickerApplication;
				PRODUCT_NAME = "$(TARGET_NAME)";
				SWIFT_VERSION = 4.0;
				TARGETED_DEVICE_FAMILY = "1,2";
			};
			name = Debug;
		};
		BB1D4894207EAD6700E9498B /* Release */ = {
			isa = XCBuildConfiguration;
			baseConfigurationReference = E8A8E75F4224B774D95C9366 /* Pods-DatePicker.release.xcconfig */;
			buildSettings = {
				ASSETCATALOG_COMPILER_APPICON_NAME = AppIcon;
				CODE_SIGN_STYLE = Automatic;
				DEVELOPMENT_TEAM = SH2HV3NZE5;
				INFOPLIST_FILE = DatePicker/Info.plist;
				LD_RUNPATH_SEARCH_PATHS = "$(inherited) @executable_path/Frameworks";
				PRODUCT_BUNDLE_IDENTIFIER = com.example.DatePickerApplication;
				PRODUCT_NAME = "$(TARGET_NAME)";
				SWIFT_VERSION = 4.0;
				TARGETED_DEVICE_FAMILY = "1,2";
			};
			name = Release;
		};
/* End XCBuildConfiguration section */

/* Begin XCConfigurationList section */
		BB1D487B207EAD6700E9498B /* Build configuration list for PBXProject "DatePicker" */ = {
			isa = XCConfigurationList;
			buildConfigurations = (
				BB1D4890207EAD6700E9498B /* Debug */,
				BB1D4891207EAD6700E9498B /* Release */,
			);
			defaultConfigurationIsVisible = 0;
			defaultConfigurationName = Release;
		};
		BB1D4892207EAD6700E9498B /* Build configuration list for PBXNativeTarget "DatePicker" */ = {
			isa = XCConfigurationList;
			buildConfigurations = (
				BB1D4893207EAD6700E9498B /* Debug */,
				BB1D4894207EAD6700E9498B /* Release */,
			);
			defaultConfigurationIsVisible = 0;
			defaultConfigurationName = Release;
		};
/* End XCConfigurationList section */
	};
	rootObject = BB1D4878207EAD6700E9498B /* Project object */;
}
